
Microsoft Visual Studio Solution File, Format Version 12.00
# Visual Studio 2013
VisualStudioVersion = 12.0.30723.0
MinimumVisualStudioVersion = 10.0.40219.1
Project("{8BC9CEB8-8B4A-11D0-8D11-00A0C91BC942}") = "Dive9", "Dive9\Dive9.vcxproj", "{DBA7AA47-EF59-4E32-8F46-BC1DF1AC8B46}"
EndProject
Project("{8BC9CEB8-8B4A-11D0-8D11-00A0C91BC942}") = "BasicApplication", "BasicApplication\BasicApplication.vcxproj", "{8BF01E8F-D997-41DE-80BE-0E1EE00C307D}"
EndProject
Global
	GlobalSection(SolutionConfigurationPlatforms) = preSolution
		Debug|Win32 = Debug|Win32
		Release|Win32 = Release|Win32
	EndGlobalSection
	GlobalSection(ProjectConfigurationPlatforms) = postSolution
		{DBA7AA47-EF59-4E32-8F46-BC1DF1AC8B46}.Debug|Win32.ActiveCfg = Debug|Win32
		{DBA7AA47-EF59-4E32-8F46-BC1DF1AC8B46}.Debug|Win32.Build.0 = Debug|Win32
		{DBA7AA47-EF59-4E32-8F46-BC1DF1AC8B46}.Release|Win32.ActiveCfg = Release|Win32
		{DBA7AA47-EF59-4E32-8F46-BC1DF1AC8B46}.Release|Win32.Build.0 = Release|Win32
		{8BF01E8F-D997-41DE-80BE-0E1EE00C307D}.Debug|Win32.ActiveCfg = Debug|Win32
		{8BF01E8F-D997-41DE-80BE-0E1EE00C307D}.Debug|Win32.Build.0 = Debug|Win32
		{8BF01E8F-D997-41DE-80BE-0E1EE00C307D}.Release|Win32.ActiveCfg = Release|Win32
		{8BF01E8F-D997-41DE-80BE-0E1EE00C307D}.Release|Win32.Build.0 = Release|Win32
	EndGlobalSection
	GlobalSection(SolutionProperties) = preSolution
		HideSolutionNode = FALSE
	EndGlobalSection
EndGlobal
